<?xml version="1.0" encoding="utf-8"?>
<Project ToolsVersion="4.0" xmlns="http://schemas.microsoft.com/developer/msbuild/2003">
  <ItemGroup>
    <Filter Include="Events">
      <UniqueIdentifier>{3A8963B1-262B-8E87-0FE6-A1DBFB2615D8}</UniqueIdentifier>
    </Filter>
    <Filter Include="Platform">
      <UniqueIdentifier>{2AC788B4-1694-E3BF-3FAD-D1672BD9184E}</UniqueIdentifier>
    </Filter>
    <Filter Include="Platform\Windows">
      <UniqueIdentifier>{64FBD71A-50F4-F66C-7926-DCF1657ED678}</UniqueIdentifier>
    </Filter>
    <Filter Include="Upgrade_Core">
      <UniqueIdentifier>{95F1D2FA-8154-629F-2ADA-9A55161C2E22}</UniqueIdentifier>
    </Filter>
  </ItemGroup>
  <ItemGroup>
    <ClInclude Include="src\Events\ApplicationEvent.h">
      <Filter>Events</Filter>
    </ClInclude>
    <ClInclude Include="src\Events\Event.h">
      <Filter>Events</Filter>
    </ClInclude>
    <ClInclude Include="src\Events\KeyEvent.h">
      <Filter>Events</Filter>
    </ClInclude>
    <ClInclude Include="src\Events\MouseEvent.h">
      <Filter>Events</Filter>
    </ClInclude>
    <ClInclude Include="src\Platform\Windows\WindowsWindow.h">
      <Filter>Platform\Windows</Filter>
    </ClInclude>
    <ClInclude Include="src\Upgrade.h" />
    <ClInclude Include="src\Upgrade_Core\Application.h">
      <Filter>Upgrade_Core</Filter>
    </ClInclude>
    <ClInclude Include="src\Upgrade_Core\Core.h">
      <Filter>Upgrade_Core</Filter>
    </ClInclude>
    <ClInclude Include="src\Upgrade_Core\EntryPoint.h">
      <Filter>Upgrade_Core</Filter>
    </ClInclude>
    <ClInclude Include="src\Upgrade_Core\Log.h">
      <Filter>Upgrade_Core</Filter>
    </ClInclude>
    <ClInclude Include="src\Upgrade_Core\Window.h">
      <Filter>Upgrade_Core</Filter>
    </ClInclude>
    <ClInclude Include="src\uepch.h" />
  </ItemGroup>
  <ItemGroup>
    <ClCompile Include="src\Platform\Windows\WindowsWindow.cpp">
      <Filter>Platform\Windows</Filter>
    </ClCompile>
    <ClCompile Include="src\Upgrade_Core\Application.cpp">
      <Filter>Upgrade_Core</Filter>
    </ClCompile>
    <ClCompile Include="src\Upgrade_Core\Log.cpp">
      <Filter>Upgrade_Core</Filter>
    </ClCompile>
    <ClCompile Include="src\uepch.cpp" />
  </ItemGroup>
</Project>